
Microsoft Visual Studio Solution File, Format Version 12.00
# Visual Studio Version 16
VisualStudioVersion = 16.0.32126.315
MinimumVisualStudioVersion = 10.0.40219.1
Project("{8BC9CEB8-8B4A-11D0-8D11-00A0C91BC942}") = "A16", "A16.vcxproj", "{72B94751-FA3A-4693-A823-7DF808835474}"
EndProject
Global
	GlobalSection(SolutionConfigurationPlatforms) = preSolution
		Debug|x64 = Debug|x64
		Debug|x86 = Debug|x86
		Release|x64 = Release|x64
		Release|x86 = Release|x86
	EndGlobalSection
	GlobalSection(ProjectConfigurationPlatforms) = postSolution
		{72B94751-FA3A-4693-A823-7DF808835474}.Debug|x64.ActiveCfg = Debug|x64
		{72B94751-FA3A-4693-A823-7DF808835474}.Debug|x64.Build.0 = Debug|x64
		{72B94751-FA3A-4693-A823-7DF808835474}.Debug|x86.ActiveCfg = Debug|Win32
		{72B94751-FA3A-4693-A823-7DF808835474}.Debug|x86.Build.0 = Debug|Win32
		{72B94751-FA3A-4693-A823-7DF808835474}.Release|x64.ActiveCfg = Release|x64
		{72B94751-FA3A-4693-A823-7DF808835474}.Release|x64.Build.0 = Release|x64
		{72B94751-FA3A-4693-A823-7DF808835474}.Release|x86.ActiveCfg = Release|Win32
		{72B94751-FA3A-4693-A823-7DF808835474}.Release|x86.Build.0 = Release|Win32
	EndGlobalSection
	GlobalSection(SolutionProperties) = preSolution
		HideSolutionNode = FALSE
	EndGlobalSection
	GlobalSection(ExtensibilityGlobals) = postSolution
		SolutionGuid = {C46CAB0B-AE96-48D9-BD88-68746DC100B6}
	EndGlobalSection
EndGlobal
